// !$*UTF8*$!
{
	archiveVersion = 1;
	classes = {
	};
	objectVersion = 56;
	objects = {

/* Begin PBXBuildFile section */
		EB4F117F29FA398F004B242F /* MyCreditManagerTests.swift in Sources */ = {isa = PBXBuildFile; fileRef = EB4F117E29FA398F004B242F /* MyCreditManagerTests.swift */; };
		EB4F118329FA39EF004B242F /* StudentCreditService.swift in Sources */ = {isa = PBXBuildFile; fileRef = EB72257929F8FE2D00EC2CBA /* StudentCreditService.swift */; };
		EB4F118529FA3A0C004B242F /* Subject.swift in Sources */ = {isa = PBXBuildFile; fileRef = EB72257729F8FC9500EC2CBA /* Subject.swift */; };
		EB4F118929FA3A5D004B242F /* Credit.swift in Sources */ = {isa = PBXBuildFile; fileRef = EB72257329F8F92100EC2CBA /* Credit.swift */; };
		EB4F118A29FA3A61004B242F /* Student.swift in Sources */ = {isa = PBXBuildFile; fileRef = EB72257529F8F9AC00EC2CBA /* Student.swift */; };
		EB4F118B29FA3A69004B242F /* Student.swift in Sources */ = {isa = PBXBuildFile; fileRef = EB72257529F8F9AC00EC2CBA /* Student.swift */; };
		EB4F118C29FA3A6B004B242F /* Credit.swift in Sources */ = {isa = PBXBuildFile; fileRef = EB72257329F8F92100EC2CBA /* Credit.swift */; };
		EB4F118D29FA3A76004B242F /* StudentCreditService.swift in Sources */ = {isa = PBXBuildFile; fileRef = EB72257929F8FE2D00EC2CBA /* StudentCreditService.swift */; };
		EB4F118E29FA3A77004B242F /* Subject.swift in Sources */ = {isa = PBXBuildFile; fileRef = EB72257729F8FC9500EC2CBA /* Subject.swift */; };
		EB72256629F8E87500EC2CBA /* main.swift in Sources */ = {isa = PBXBuildFile; fileRef = EB72256529F8E87500EC2CBA /* main.swift */; };
/* End PBXBuildFile section */

/* Begin PBXCopyFilesBuildPhase section */
		EB72256029F8E87500EC2CBA /* CopyFiles */ = {
			isa = PBXCopyFilesBuildPhase;
			buildActionMask = 2147483647;
			dstPath = /usr/share/man/man1/;
			dstSubfolderSpec = 0;
			files = (
			);
			runOnlyForDeploymentPostprocessing = 1;
		};
/* End PBXCopyFilesBuildPhase section */

/* Begin PBXFileReference section */
		EB4F117C29FA398F004B242F /* MyCreditManagerTests.xctest */ = {isa = PBXFileReference; explicitFileType = wrapper.cfbundle; includeInIndex = 0; path = MyCreditManagerTests.xctest; sourceTree = BUILT_PRODUCTS_DIR; };
		EB4F117E29FA398F004B242F /* MyCreditManagerTests.swift */ = {isa = PBXFileReference; lastKnownFileType = sourcecode.swift; path = MyCreditManagerTests.swift; sourceTree = "<group>"; };
		EB72256229F8E87500EC2CBA /* MyCreditManager */ = {isa = PBXFileReference; explicitFileType = "compiled.mach-o.executable"; includeInIndex = 0; path = MyCreditManager; sourceTree = BUILT_PRODUCTS_DIR; };
		EB72256529F8E87500EC2CBA /* main.swift */ = {isa = PBXFileReference; lastKnownFileType = sourcecode.swift; path = main.swift; sourceTree = "<group>"; };
		EB72257329F8F92100EC2CBA /* Credit.swift */ = {isa = PBXFileReference; lastKnownFileType = sourcecode.swift; path = Credit.swift; sourceTree = "<group>"; };
		EB72257529F8F9AC00EC2CBA /* Student.swift */ = {isa = PBXFileReference; lastKnownFileType = sourcecode.swift; path = Student.swift; sourceTree = "<group>"; };
		EB72257729F8FC9500EC2CBA /* Subject.swift */ = {isa = PBXFileReference; lastKnownFileType = sourcecode.swift; path = Subject.swift; sourceTree = "<group>"; };
		EB72257929F8FE2D00EC2CBA /* StudentCreditService.swift */ = {isa = PBXFileReference; lastKnownFileType = sourcecode.swift; path = StudentCreditService.swift; sourceTree = "<group>"; };
/* End PBXFileReference section */

/* Begin PBXFrameworksBuildPhase section */
		EB4F117929FA398F004B242F /* Frameworks */ = {
			isa = PBXFrameworksBuildPhase;
			buildActionMask = 2147483647;
			files = (
			);
			runOnlyForDeploymentPostprocessing = 0;
		};
		EB72255F29F8E87500EC2CBA /* Frameworks */ = {
			isa = PBXFrameworksBuildPhase;
			buildActionMask = 2147483647;
			files = (
			);
			runOnlyForDeploymentPostprocessing = 0;
		};
/* End PBXFrameworksBuildPhase section */

/* Begin PBXGroup section */
		EB4F117D29FA398F004B242F /* MyCreditManagerTests */ = {
			isa = PBXGroup;
			children = (
				EB4F117E29FA398F004B242F /* MyCreditManagerTests.swift */,
			);
			path = MyCreditManagerTests;
			sourceTree = "<group>";
		};
		EB72255929F8E87500EC2CBA = {
			isa = PBXGroup;
			children = (
				EB72256429F8E87500EC2CBA /* MyCreditManager */,
				EB4F117D29FA398F004B242F /* MyCreditManagerTests */,
				EB72256329F8E87500EC2CBA /* Products */,
			);
			sourceTree = "<group>";
		};
		EB72256329F8E87500EC2CBA /* Products */ = {
			isa = PBXGroup;
			children = (
				EB72256229F8E87500EC2CBA /* MyCreditManager */,
				EB4F117C29FA398F004B242F /* MyCreditManagerTests.xctest */,
			);
			name = Products;
			sourceTree = "<group>";
		};
		EB72256429F8E87500EC2CBA /* MyCreditManager */ = {
			isa = PBXGroup;
			children = (
				EB72256529F8E87500EC2CBA /* main.swift */,
				EB72257529F8F9AC00EC2CBA /* Student.swift */,
				EB72257729F8FC9500EC2CBA /* Subject.swift */,
				EB72257329F8F92100EC2CBA /* Credit.swift */,
				EB72257929F8FE2D00EC2CBA /* StudentCreditService.swift */,
			);
			path = MyCreditManager;
			sourceTree = "<group>";
		};
/* End PBXGroup section */

/* Begin PBXNativeTarget section */
		EB4F117B29FA398F004B242F /* MyCreditManagerTests */ = {
			isa = PBXNativeTarget;
			buildConfigurationList = EB4F118229FA398F004B242F /* Build configuration list for PBXNativeTarget "MyCreditManagerTests" */;
			buildPhases = (
				EB4F117829FA398F004B242F /* Sources */,
				EB4F117929FA398F004B242F /* Frameworks */,
				EB4F117A29FA398F004B242F /* Resources */,
			);
			buildRules = (
			);
			dependencies = (
			);
			name = MyCreditManagerTests;
			productName = MyCreditManagerTests;
			productReference = EB4F117C29FA398F004B242F /* MyCreditManagerTests.xctest */;
			productType = "com.apple.product-type.bundle.unit-test";
		};
		EB72256129F8E87500EC2CBA /* MyCreditManager */ = {
			isa = PBXNativeTarget;
			buildConfigurationList = EB72256929F8E87500EC2CBA /* Build configuration list for PBXNativeTarget "MyCreditManager" */;
			buildPhases = (
				EB72255E29F8E87500EC2CBA /* Sources */,
				EB72255F29F8E87500EC2CBA /* Frameworks */,
				EB72256029F8E87500EC2CBA /* CopyFiles */,
				EB72257229F8F79200EC2CBA /* SwiftLint */,
			);
			buildRules = (
			);
			dependencies = (
			);
			name = MyCreditManager;
			productName = MyCreditManager;
			productReference = EB72256229F8E87500EC2CBA /* MyCreditManager */;
			productType = "com.apple.product-type.tool";
		};
/* End PBXNativeTarget section */

/* Begin PBXProject section */
		EB72255A29F8E87500EC2CBA /* Project object */ = {
			isa = PBXProject;
			attributes = {
				BuildIndependentTargetsInParallel = 1;
				LastSwiftUpdateCheck = 1430;
				LastUpgradeCheck = 1430;
				TargetAttributes = {
					EB4F117B29FA398F004B242F = {
						CreatedOnToolsVersion = 14.3;
					};
					EB72256129F8E87500EC2CBA = {
						CreatedOnToolsVersion = 14.3;
					};
				};
			};
			buildConfigurationList = EB72255D29F8E87500EC2CBA /* Build configuration list for PBXProject "MyCreditManager" */;
			compatibilityVersion = "Xcode 14.0";
			developmentRegion = en;
			hasScannedForEncodings = 0;
			knownRegions = (
				en,
				Base,
			);
			mainGroup = EB72255929F8E87500EC2CBA;
			productRefGroup = EB72256329F8E87500EC2CBA /* Products */;
			projectDirPath = "";
			projectRoot = "";
			targets = (
				EB72256129F8E87500EC2CBA /* MyCreditManager */,
				EB4F117B29FA398F004B242F /* MyCreditManagerTests */,
			);
		};
/* End PBXProject section */

/* Begin PBXResourcesBuildPhase section */
		EB4F117A29FA398F004B242F /* Resources */ = {
			isa = PBXResourcesBuildPhase;
			buildActionMask = 2147483647;
			files = (
			);
			runOnlyForDeploymentPostprocessing = 0;
		};
/* End PBXResourcesBuildPhase section */

/* Begin PBXShellScriptBuildPhase section */
		EB72257229F8F79200EC2CBA /* SwiftLint */ = {
			isa = PBXShellScriptBuildPhase;
			alwaysOutOfDate = 1;
			buildActionMask = 2147483647;
			files = (
			);
			inputFileListPaths = (
			);
			inputPaths = (
			);
			name = SwiftLint;
			outputFileListPaths = (
			);
			outputPaths = (
			);
			runOnlyForDeploymentPostprocessing = 0;
			shellPath = /bin/sh;
			shellScript = "if [[ \"$(uname -m)\" == arm64 ]]; then\n    export PATH=\"/opt/homebrew/bin:$PATH\"\nfi\n\nif which swiftlint > /dev/null; then\n  swiftlint\nelse\n  echo \"warning: SwiftLint not installed, download from https://github.com/realm/SwiftLint\"\nfi\n";
		};
/* End PBXShellScriptBuildPhase section */

/* Begin PBXSourcesBuildPhase section */
		EB4F117829FA398F004B242F /* Sources */ = {
			isa = PBXSourcesBuildPhase;
			buildActionMask = 2147483647;
			files = (
				EB4F118329FA39EF004B242F /* StudentCreditService.swift in Sources */,
				EB4F118529FA3A0C004B242F /* Subject.swift in Sources */,
				EB4F117F29FA398F004B242F /* MyCreditManagerTests.swift in Sources */,
				EB4F118B29FA3A69004B242F /* Student.swift in Sources */,
				EB4F118C29FA3A6B004B242F /* Credit.swift in Sources */,
			);
			runOnlyForDeploymentPostprocessing = 0;
		};
		EB72255E29F8E87500EC2CBA /* Sources */ = {
			isa = PBXSourcesBuildPhase;
			buildActionMask = 2147483647;
			files = (
				EB4F118D29FA3A76004B242F /* StudentCreditService.swift in Sources */,
				EB4F118929FA3A5D004B242F /* Credit.swift in Sources */,
				EB72256629F8E87500EC2CBA /* main.swift in Sources */,
				EB4F118E29FA3A77004B242F /* Subject.swift in Sources */,
				EB4F118A29FA3A61004B242F /* Student.swift in Sources */,
			);
			runOnlyForDeploymentPostprocessing = 0;
		};
/* End PBXSourcesBuildPhase section */

/* Begin XCBuildConfiguration section */
		EB4F118029FA398F004B242F /* Debug */ = {
			isa = XCBuildConfiguration;
			buildSettings = {
				CODE_SIGN_STYLE = Automatic;
				CURRENT_PROJECT_VERSION = 1;
				GENERATE_INFOPLIST_FILE = YES;
				MARKETING_VERSION = 1.0;
				PRODUCT_BUNDLE_IDENTIFIER = com.wanted.MyCreditManagerTests;
				PRODUCT_NAME = "$(TARGET_NAME)";
				SWIFT_EMIT_LOC_STRINGS = NO;
				SWIFT_VERSION = 5.0;
			};
			name = Debug;
		};
		EB4F118129FA398F004B242F /* Release */ = {
			isa = XCBuildConfiguration;
			buildSettings = {
				CODE_SIGN_STYLE = Automatic;
				CURRENT_PROJECT_VERSION = 1;
				GENERATE_INFOPLIST_FILE = YES;
				MARKETING_VERSION = 1.0;
				PRODUCT_BUNDLE_IDENTIFIER = com.wanted.MyCreditManagerTests;
				PRODUCT_NAME = "$(TARGET_NAME)";
				SWIFT_EMIT_LOC_STRINGS = NO;
				SWIFT_VERSION = 5.0;
			};
			name = Release;
		};
		EB72256729F8E87500EC2CBA /* Debug */ = {
			isa = XCBuildConfiguration;
			buildSettings = {
				ALWAYS_SEARCH_USER_PATHS = NO;
				CLANG_ANALYZER_NONNULL = YES;
				CLANG_ANALYZER_NUMBER_OBJECT_CONVERSION = YES_AGGRESSIVE;
				CLANG_CXX_LANGUAGE_STANDARD = "gnu++20";
				CLANG_ENABLE_MODULES = YES;
				CLANG_ENABLE_OBJC_ARC = YES;
				CLANG_ENABLE_OBJC_WEAK = YES;
				CLANG_WARN_BLOCK_CAPTURE_AUTORELEASING = YES;
				CLANG_WARN_BOOL_CONVERSION = YES;
				CLANG_WARN_COMMA = YES;
				CLANG_WARN_CONSTANT_CONVERSION = YES;
				CLANG_WARN_DEPRECATED_OBJC_IMPLEMENTATIONS = YES;
				CLANG_WARN_DIRECT_OBJC_ISA_USAGE = YES_ERROR;
				CLANG_WARN_DOCUMENTATION_COMMENTS = YES;
				CLANG_WARN_EMPTY_BODY = YES;
				CLANG_WARN_ENUM_CONVERSION = YES;
				CLANG_WARN_INFINITE_RECURSION = YES;
				CLANG_WARN_INT_CONVERSION = YES;
				CLANG_WARN_NON_LITERAL_NULL_CONVERSION = YES;
				CLANG_WARN_OBJC_IMPLICIT_RETAIN_SELF = YES;
				CLANG_WARN_OBJC_LITERAL_CONVERSION = YES;
				CLANG_WARN_OBJC_ROOT_CLASS = YES_ERROR;
				CLANG_WARN_QUOTED_INCLUDE_IN_FRAMEWORK_HEADER = YES;
				CLANG_WARN_RANGE_LOOP_ANALYSIS = YES;
				CLANG_WARN_STRICT_PROTOTYPES = YES;
				CLANG_WARN_SUSPICIOUS_MOVE = YES;
				CLANG_WARN_UNGUARDED_AVAILABILITY = YES_AGGRESSIVE;
				CLANG_WARN_UNREACHABLE_CODE = YES;
				CLANG_WARN__DUPLICATE_METHOD_MATCH = YES;
				COPY_PHASE_STRIP = NO;
				DEBUG_INFORMATION_FORMAT = dwarf;
				ENABLE_STRICT_OBJC_MSGSEND = YES;
				ENABLE_TESTABILITY = YES;
				GCC_C_LANGUAGE_STANDARD = gnu11;
				GCC_DYNAMIC_NO_PIC = NO;
				GCC_NO_COMMON_BLOCKS = YES;
				GCC_OPTIMIZATION_LEVEL = 0;
				GCC_PREPROCESSOR_DEFINITIONS = (
					"DEBUG=1",
					"$(inherited)",
				);
				GCC_WARN_64_TO_32_BIT_CONVERSION = YES;
				GCC_WARN_ABOUT_RETURN_TYPE = YES_ERROR;
				GCC_WARN_UNDECLARED_SELECTOR = YES;
				GCC_WARN_UNINITIALIZED_AUTOS = YES_AGGRESSIVE;
				GCC_WARN_UNUSED_FUNCTION = YES;
				GCC_WARN_UNUSED_VARIABLE = YES;
				MACOSX_DEPLOYMENT_TARGET = 13.3;
				MTL_ENABLE_DEBUG_INFO = INCLUDE_SOURCE;
				MTL_FAST_MATH = YES;
				ONLY_ACTIVE_ARCH = YES;
				SDKROOT = macosx;
				SWIFT_ACTIVE_COMPILATION_CONDITIONS = DEBUG;
				SWIFT_OPTIMIZATION_LEVEL = "-Onone";
			};
			name = Debug;
		};
		EB72256829F8E87500EC2CBA /* Release */ = {
			isa = XCBuildConfiguration;
			buildSettings = {
				ALWAYS_SEARCH_USER_PATHS = NO;
				CLANG_ANALYZER_NONNULL = YES;
				CLANG_ANALYZER_NUMBER_OBJECT_CONVERSION = YES_AGGRESSIVE;
				CLANG_CXX_LANGUAGE_STANDARD = "gnu++20";
				CLANG_ENABLE_MODULES = YES;
				CLANG_ENABLE_OBJC_ARC = YES;
				CLANG_ENABLE_OBJC_WEAK = YES;
				CLANG_WARN_BLOCK_CAPTURE_AUTORELEASING = YES;
				CLANG_WARN_BOOL_CONVERSION = YES;
				CLANG_WARN_COMMA = YES;
				CLANG_WARN_CONSTANT_CONVERSION = YES;
				CLANG_WARN_DEPRECATED_OBJC_IMPLEMENTATIONS = YES;
				CLANG_WARN_DIRECT_OBJC_ISA_USAGE = YES_ERROR;
				CLANG_WARN_DOCUMENTATION_COMMENTS = YES;
				CLANG_WARN_EMPTY_BODY = YES;
				CLANG_WARN_ENUM_CONVERSION = YES;
				CLANG_WARN_INFINITE_RECURSION = YES;
				CLANG_WARN_INT_CONVERSION = YES;
				CLANG_WARN_NON_LITERAL_NULL_CONVERSION = YES;
				CLANG_WARN_OBJC_IMPLICIT_RETAIN_SELF = YES;
				CLANG_WARN_OBJC_LITERAL_CONVERSION = YES;
				CLANG_WARN_OBJC_ROOT_CLASS = YES_ERROR;
				CLANG_WARN_QUOTED_INCLUDE_IN_FRAMEWORK_HEADER = YES;
				CLANG_WARN_RANGE_LOOP_ANALYSIS = YES;
				CLANG_WARN_STRICT_PROTOTYPES = YES;
				CLANG_WARN_SUSPICIOUS_MOVE = YES;
				CLANG_WARN_UNGUARDED_AVAILABILITY = YES_AGGRESSIVE;
				CLANG_WARN_UNREACHABLE_CODE = YES;
				CLANG_WARN__DUPLICATE_METHOD_MATCH = YES;
				COPY_PHASE_STRIP = NO;
				DEBUG_INFORMATION_FORMAT = "dwarf-with-dsym";
				ENABLE_NS_ASSERTIONS = NO;
				ENABLE_STRICT_OBJC_MSGSEND = YES;
				GCC_C_LANGUAGE_STANDARD = gnu11;
				GCC_NO_COMMON_BLOCKS = YES;
				GCC_WARN_64_TO_32_BIT_CONVERSION = YES;
				GCC_WARN_ABOUT_RETURN_TYPE = YES_ERROR;
				GCC_WARN_UNDECLARED_SELECTOR = YES;
				GCC_WARN_UNINITIALIZED_AUTOS = YES_AGGRESSIVE;
				GCC_WARN_UNUSED_FUNCTION = YES;
				GCC_WARN_UNUSED_VARIABLE = YES;
				MACOSX_DEPLOYMENT_TARGET = 13.3;
				MTL_ENABLE_DEBUG_INFO = NO;
				MTL_FAST_MATH = YES;
				SDKROOT = macosx;
				SWIFT_COMPILATION_MODE = wholemodule;
				SWIFT_OPTIMIZATION_LEVEL = "-O";
			};
			name = Release;
		};
		EB72256A29F8E87500EC2CBA /* Debug */ = {
			isa = XCBuildConfiguration;
			buildSettings = {
				CODE_SIGN_STYLE = Automatic;
				MACOSX_DEPLOYMENT_TARGET = 13.3;
				PRODUCT_NAME = "$(TARGET_NAME)";
				SWIFT_VERSION = 5.0;
			};
			name = Debug;
		};
		EB72256B29F8E87500EC2CBA /* Release */ = {
			isa = XCBuildConfiguration;
			buildSettings = {
				CODE_SIGN_STYLE = Automatic;
				MACOSX_DEPLOYMENT_TARGET = 13.3;
				PRODUCT_NAME = "$(TARGET_NAME)";
				SWIFT_VERSION = 5.0;
			};
			name = Release;
		};
/* End XCBuildConfiguration section */

/* Begin XCConfigurationList section */
		EB4F118229FA398F004B242F /* Build configuration list for PBXNativeTarget "MyCreditManagerTests" */ = {
			isa = XCConfigurationList;
			buildConfigurations = (
				EB4F118029FA398F004B242F /* Debug */,
				EB4F118129FA398F004B242F /* Release */,
			);
			defaultConfigurationIsVisible = 0;
			defaultConfigurationName = Release;
		};
		EB72255D29F8E87500EC2CBA /* Build configuration list for PBXProject "MyCreditManager" */ = {
			isa = XCConfigurationList;
			buildConfigurations = (
				EB72256729F8E87500EC2CBA /* Debug */,
				EB72256829F8E87500EC2CBA /* Release */,
			);
			defaultConfigurationIsVisible = 0;
			defaultConfigurationName = Release;
		};
		EB72256929F8E87500EC2CBA /* Build configuration list for PBXNativeTarget "MyCreditManager" */ = {
			isa = XCConfigurationList;
			buildConfigurations = (
				EB72256A29F8E87500EC2CBA /* Debug */,
				EB72256B29F8E87500EC2CBA /* Release */,
			);
			defaultConfigurationIsVisible = 0;
			defaultConfigurationName = Release;
		};
/* End XCConfigurationList section */
	};
	rootObject = EB72255A29F8E87500EC2CBA /* Project object */;
}
